// !$*UTF8*$!
{
	archiveVersion = 1;
	classes = {
	};
	objectVersion = 56;
	objects = {

/* Begin PBXBuildFile section */
		54832D312A33C5AE00ACD817 /* ToDoListApp.swift in Sources */ = {isa = PBXBuildFile; fileRef = 54832D302A33C5AE00ACD817 /* ToDoListApp.swift */; };
		54832D332A33C5AE00ACD817 /* MainView.swift in Sources */ = {isa = PBXBuildFile; fileRef = 54832D322A33C5AE00ACD817 /* MainView.swift */; };
		54832D352A33C5AF00ACD817 /* Assets.xcassets in Resources */ = {isa = PBXBuildFile; fileRef = 54832D342A33C5AF00ACD817 /* Assets.xcassets */; };
		54832D382A33C5AF00ACD817 /* Preview Assets.xcassets in Resources */ = {isa = PBXBuildFile; fileRef = 54832D372A33C5AF00ACD817 /* Preview Assets.xcassets */; };
		54832D402A33D90C00ACD817 /* FirebaseAuth in Frameworks */ = {isa = PBXBuildFile; productRef = 54832D3F2A33D90C00ACD817 /* FirebaseAuth */; };
		54832D422A33D90C00ACD817 /* FirebaseFirestore in Frameworks */ = {isa = PBXBuildFile; productRef = 54832D412A33D90C00ACD817 /* FirebaseFirestore */; };
		54832D442A33D90C00ACD817 /* FirebaseFirestoreSwift in Frameworks */ = {isa = PBXBuildFile; productRef = 54832D432A33D90C00ACD817 /* FirebaseFirestoreSwift */; };
		54832D462A33DC1F00ACD817 /* GoogleService-Info.plist in Resources */ = {isa = PBXBuildFile; fileRef = 54832D452A33DC1E00ACD817 /* GoogleService-Info.plist */; };
		54832D4D2A33E2D700ACD817 /* ProfileView.swift in Sources */ = {isa = PBXBuildFile; fileRef = 54832D4C2A33E2D700ACD817 /* ProfileView.swift */; };
		54832D4F2A33E2F900ACD817 /* ToDoListView.swift in Sources */ = {isa = PBXBuildFile; fileRef = 54832D4E2A33E2F900ACD817 /* ToDoListView.swift */; };
		54832D512A33E32400ACD817 /* NewItemView.swift in Sources */ = {isa = PBXBuildFile; fileRef = 54832D502A33E32400ACD817 /* NewItemView.swift */; };
		54832D532A33E33D00ACD817 /* LoginView.swift in Sources */ = {isa = PBXBuildFile; fileRef = 54832D522A33E33D00ACD817 /* LoginView.swift */; };
		54832D552A33E35700ACD817 /* RegisterView.swift in Sources */ = {isa = PBXBuildFile; fileRef = 54832D542A33E35700ACD817 /* RegisterView.swift */; };
		54832D572A33E3C000ACD817 /* ToDoListItemView.swift in Sources */ = {isa = PBXBuildFile; fileRef = 54832D562A33E3C000ACD817 /* ToDoListItemView.swift */; };
		54832D592A33E4C900ACD817 /* User.swift in Sources */ = {isa = PBXBuildFile; fileRef = 54832D582A33E4C900ACD817 /* User.swift */; };
		54832D5B2A33E4D300ACD817 /* ToDoListItem.swift in Sources */ = {isa = PBXBuildFile; fileRef = 54832D5A2A33E4D300ACD817 /* ToDoListItem.swift */; };
		54832D5D2A33E53400ACD817 /* MainViewViewModel.swift in Sources */ = {isa = PBXBuildFile; fileRef = 54832D5C2A33E53400ACD817 /* MainViewViewModel.swift */; };
		54832D5F2A33E54900ACD817 /* ProfileViewViewModel.swift in Sources */ = {isa = PBXBuildFile; fileRef = 54832D5E2A33E54900ACD817 /* ProfileViewViewModel.swift */; };
		54832D612A33E55600ACD817 /* ToDoListViewViewModel.swift in Sources */ = {isa = PBXBuildFile; fileRef = 54832D602A33E55600ACD817 /* ToDoListViewViewModel.swift */; };
		54832D632A33E57100ACD817 /* NewItemViewViewModel.swift in Sources */ = {isa = PBXBuildFile; fileRef = 54832D622A33E57100ACD817 /* NewItemViewViewModel.swift */; };
		54832D652A33E57C00ACD817 /* LoginViewViewModel.swift in Sources */ = {isa = PBXBuildFile; fileRef = 54832D642A33E57C00ACD817 /* LoginViewViewModel.swift */; };
		54832D672A33E58600ACD817 /* RegisterViewViewModel.swift in Sources */ = {isa = PBXBuildFile; fileRef = 54832D662A33E58600ACD817 /* RegisterViewViewModel.swift */; };
		54832D692A33E5A800ACD817 /* ToDoListItemViewModel.swift in Sources */ = {isa = PBXBuildFile; fileRef = 54832D682A33E5A800ACD817 /* ToDoListItemViewModel.swift */; };
		54832D6B2A36207600ACD817 /* HeaderView.swift in Sources */ = {isa = PBXBuildFile; fileRef = 54832D6A2A36207600ACD817 /* HeaderView.swift */; };
/* End PBXBuildFile section */

/* Begin PBXFileReference section */
		54832D2D2A33C5AE00ACD817 /* ToDoList.app */ = {isa = PBXFileReference; explicitFileType = wrapper.application; includeInIndex = 0; path = ToDoList.app; sourceTree = BUILT_PRODUCTS_DIR; };
		54832D302A33C5AE00ACD817 /* ToDoListApp.swift */ = {isa = PBXFileReference; lastKnownFileType = sourcecode.swift; path = ToDoListApp.swift; sourceTree = "<group>"; };
		54832D322A33C5AE00ACD817 /* MainView.swift */ = {isa = PBXFileReference; lastKnownFileType = sourcecode.swift; path = MainView.swift; sourceTree = "<group>"; };
		54832D342A33C5AF00ACD817 /* Assets.xcassets */ = {isa = PBXFileReference; lastKnownFileType = folder.assetcatalog; path = Assets.xcassets; sourceTree = "<group>"; };
		54832D372A33C5AF00ACD817 /* Preview Assets.xcassets */ = {isa = PBXFileReference; lastKnownFileType = folder.assetcatalog; path = "Preview Assets.xcassets"; sourceTree = "<group>"; };
		54832D452A33DC1E00ACD817 /* GoogleService-Info.plist */ = {isa = PBXFileReference; fileEncoding = 4; lastKnownFileType = text.plist.xml; path = "GoogleService-Info.plist"; sourceTree = "<group>"; };
		54832D4C2A33E2D700ACD817 /* ProfileView.swift */ = {isa = PBXFileReference; lastKnownFileType = sourcecode.swift; path = ProfileView.swift; sourceTree = "<group>"; };
		54832D4E2A33E2F900ACD817 /* ToDoListView.swift */ = {isa = PBXFileReference; lastKnownFileType = sourcecode.swift; path = ToDoListView.swift; sourceTree = "<group>"; };
		54832D502A33E32400ACD817 /* NewItemView.swift */ = {isa = PBXFileReference; lastKnownFileType = sourcecode.swift; path = NewItemView.swift; sourceTree = "<group>"; };
		54832D522A33E33D00ACD817 /* LoginView.swift */ = {isa = PBXFileReference; lastKnownFileType = sourcecode.swift; path = LoginView.swift; sourceTree = "<group>"; };
		54832D542A33E35700ACD817 /* RegisterView.swift */ = {isa = PBXFileReference; lastKnownFileType = sourcecode.swift; path = RegisterView.swift; sourceTree = "<group>"; };
		54832D562A33E3C000ACD817 /* ToDoListItemView.swift */ = {isa = PBXFileReference; lastKnownFileType = sourcecode.swift; path = ToDoListItemView.swift; sourceTree = "<group>"; };
		54832D582A33E4C900ACD817 /* User.swift */ = {isa = PBXFileReference; lastKnownFileType = sourcecode.swift; path = User.swift; sourceTree = "<group>"; };
		54832D5A2A33E4D300ACD817 /* ToDoListItem.swift */ = {isa = PBXFileReference; lastKnownFileType = sourcecode.swift; path = ToDoListItem.swift; sourceTree = "<group>"; };
		54832D5C2A33E53400ACD817 /* MainViewViewModel.swift */ = {isa = PBXFileReference; lastKnownFileType = sourcecode.swift; path = MainViewViewModel.swift; sourceTree = "<group>"; };
		54832D5E2A33E54900ACD817 /* ProfileViewViewModel.swift */ = {isa = PBXFileReference; lastKnownFileType = sourcecode.swift; path = ProfileViewViewModel.swift; sourceTree = "<group>"; };
		54832D602A33E55600ACD817 /* ToDoListViewViewModel.swift */ = {isa = PBXFileReference; lastKnownFileType = sourcecode.swift; path = ToDoListViewViewModel.swift; sourceTree = "<group>"; };
		54832D622A33E57100ACD817 /* NewItemViewViewModel.swift */ = {isa = PBXFileReference; lastKnownFileType = sourcecode.swift; path = NewItemViewViewModel.swift; sourceTree = "<group>"; };
		54832D642A33E57C00ACD817 /* LoginViewViewModel.swift */ = {isa = PBXFileReference; lastKnownFileType = sourcecode.swift; path = LoginViewViewModel.swift; sourceTree = "<group>"; };
		54832D662A33E58600ACD817 /* RegisterViewViewModel.swift */ = {isa = PBXFileReference; lastKnownFileType = sourcecode.swift; path = RegisterViewViewModel.swift; sourceTree = "<group>"; };
		54832D682A33E5A800ACD817 /* ToDoListItemViewModel.swift */ = {isa = PBXFileReference; lastKnownFileType = sourcecode.swift; path = ToDoListItemViewModel.swift; sourceTree = "<group>"; };
		54832D6A2A36207600ACD817 /* HeaderView.swift */ = {isa = PBXFileReference; lastKnownFileType = sourcecode.swift; path = HeaderView.swift; sourceTree = "<group>"; };
/* End PBXFileReference section */

/* Begin PBXFrameworksBuildPhase section */
		54832D2A2A33C5AE00ACD817 /* Frameworks */ = {
			isa = PBXFrameworksBuildPhase;
			buildActionMask = 2147483647;
			files = (
				54832D402A33D90C00ACD817 /* FirebaseAuth in Frameworks */,
				54832D422A33D90C00ACD817 /* FirebaseFirestore in Frameworks */,
				54832D442A33D90C00ACD817 /* FirebaseFirestoreSwift in Frameworks */,
			);
			runOnlyForDeploymentPostprocessing = 0;
		};
/* End PBXFrameworksBuildPhase section */

/* Begin PBXGroup section */
		54832D242A33C5AE00ACD817 = {
			isa = PBXGroup;
			children = (
				54832D2F2A33C5AE00ACD817 /* ToDoList */,
				54832D2E2A33C5AE00ACD817 /* Products */,
			);
			sourceTree = "<group>";
		};
		54832D2E2A33C5AE00ACD817 /* Products */ = {
			isa = PBXGroup;
			children = (
				54832D2D2A33C5AE00ACD817 /* ToDoList.app */,
			);
			name = Products;
			sourceTree = "<group>";
		};
		54832D2F2A33C5AE00ACD817 /* ToDoList */ = {
			isa = PBXGroup;
			children = (
				54832D4B2A33E0C700ACD817 /* Other */,
				54832D4A2A33E0BA00ACD817 /* Models */,
				54832D482A33E09A00ACD817 /* Views */,
				54832D472A33E08200ACD817 /* ViewModels */,
				54832D362A33C5AF00ACD817 /* Preview Content */,
			);
			path = ToDoList;
			sourceTree = "<group>";
		};
		54832D362A33C5AF00ACD817 /* Preview Content */ = {
			isa = PBXGroup;
			children = (
				54832D372A33C5AF00ACD817 /* Preview Assets.xcassets */,
			);
			path = "Preview Content";
			sourceTree = "<group>";
		};
		54832D472A33E08200ACD817 /* ViewModels */ = {
			isa = PBXGroup;
			children = (
				54832D5C2A33E53400ACD817 /* MainViewViewModel.swift */,
				54832D5E2A33E54900ACD817 /* ProfileViewViewModel.swift */,
				54832D602A33E55600ACD817 /* ToDoListViewViewModel.swift */,
				54832D622A33E57100ACD817 /* NewItemViewViewModel.swift */,
				54832D642A33E57C00ACD817 /* LoginViewViewModel.swift */,
				54832D662A33E58600ACD817 /* RegisterViewViewModel.swift */,
				54832D682A33E5A800ACD817 /* ToDoListItemViewModel.swift */,
			);
			path = ViewModels;
			sourceTree = "<group>";
		};
		54832D482A33E09A00ACD817 /* Views */ = {
			isa = PBXGroup;
			children = (
				54832D322A33C5AE00ACD817 /* MainView.swift */,
				54832D4C2A33E2D700ACD817 /* ProfileView.swift */,
				54832D4E2A33E2F900ACD817 /* ToDoListView.swift */,
				54832D502A33E32400ACD817 /* NewItemView.swift */,
				54832D522A33E33D00ACD817 /* LoginView.swift */,
				54832D542A33E35700ACD817 /* RegisterView.swift */,
				54832D562A33E3C000ACD817 /* ToDoListItemView.swift */,
				54832D6A2A36207600ACD817 /* HeaderView.swift */,
			);
			path = Views;
			sourceTree = "<group>";
		};
		54832D4A2A33E0BA00ACD817 /* Models */ = {
			isa = PBXGroup;
			children = (
				54832D582A33E4C900ACD817 /* User.swift */,
				54832D5A2A33E4D300ACD817 /* ToDoListItem.swift */,
			);
			path = Models;
			sourceTree = "<group>";
		};
		54832D4B2A33E0C700ACD817 /* Other */ = {
			isa = PBXGroup;
			children = (
				54832D452A33DC1E00ACD817 /* GoogleService-Info.plist */,
				54832D302A33C5AE00ACD817 /* ToDoListApp.swift */,
				54832D342A33C5AF00ACD817 /* Assets.xcassets */,
			);
			path = Other;
			sourceTree = "<group>";
		};
/* End PBXGroup section */

/* Begin PBXNativeTarget section */
		54832D2C2A33C5AE00ACD817 /* ToDoList */ = {
			isa = PBXNativeTarget;
			buildConfigurationList = 54832D3B2A33C5AF00ACD817 /* Build configuration list for PBXNativeTarget "ToDoList" */;
			buildPhases = (
				54832D292A33C5AE00ACD817 /* Sources */,
				54832D2A2A33C5AE00ACD817 /* Frameworks */,
				54832D2B2A33C5AE00ACD817 /* Resources */,
			);
			buildRules = (
			);
			dependencies = (
			);
			name = ToDoList;
			packageProductDependencies = (
				54832D3F2A33D90C00ACD817 /* FirebaseAuth */,
				54832D412A33D90C00ACD817 /* FirebaseFirestore */,
				54832D432A33D90C00ACD817 /* FirebaseFirestoreSwift */,
			);
			productName = ToDoList;
			productReference = 54832D2D2A33C5AE00ACD817 /* ToDoList.app */;
			productType = "com.apple.product-type.application";
		};
/* End PBXNativeTarget section */

/* Begin PBXProject section */
		54832D252A33C5AE00ACD817 /* Project object */ = {
			isa = PBXProject;
			attributes = {
				BuildIndependentTargetsInParallel = 1;
				LastSwiftUpdateCheck = 1430;
				LastUpgradeCheck = 1430;
				TargetAttributes = {
					54832D2C2A33C5AE00ACD817 = {
						CreatedOnToolsVersion = 14.3.1;
					};
				};
			};
			buildConfigurationList = 54832D282A33C5AE00ACD817 /* Build configuration list for PBXProject "ToDoList" */;
			compatibilityVersion = "Xcode 14.0";
			developmentRegion = en;
			hasScannedForEncodings = 0;
			knownRegions = (
				en,
				Base,
			);
			mainGroup = 54832D242A33C5AE00ACD817;
			packageReferences = (
				54832D3E2A33D90C00ACD817 /* XCRemoteSwiftPackageReference "firebase-ios-sdk" */,
			);
			productRefGroup = 54832D2E2A33C5AE00ACD817 /* Products */;
			projectDirPath = "";
			projectRoot = "";
			targets = (
				54832D2C2A33C5AE00ACD817 /* ToDoList */,
			);
		};
/* End PBXProject section */

/* Begin PBXResourcesBuildPhase section */
		54832D2B2A33C5AE00ACD817 /* Resources */ = {
			isa = PBXResourcesBuildPhase;
			buildActionMask = 2147483647;
			files = (
				54832D382A33C5AF00ACD817 /* Preview Assets.xcassets in Resources */,
				54832D352A33C5AF00ACD817 /* Assets.xcassets in Resources */,
				54832D462A33DC1F00ACD817 /* GoogleService-Info.plist in Resources */,
			);
			runOnlyForDeploymentPostprocessing = 0;
		};
/* End PBXResourcesBuildPhase section */

/* Begin PBXSourcesBuildPhase section */
		54832D292A33C5AE00ACD817 /* Sources */ = {
			isa = PBXSourcesBuildPhase;
			buildActionMask = 2147483647;
			files = (
				54832D532A33E33D00ACD817 /* LoginView.swift in Sources */,
				54832D332A33C5AE00ACD817 /* MainView.swift in Sources */,
				54832D672A33E58600ACD817 /* RegisterViewViewModel.swift in Sources */,
				54832D5D2A33E53400ACD817 /* MainViewViewModel.swift in Sources */,
				54832D4F2A33E2F900ACD817 /* ToDoListView.swift in Sources */,
				54832D552A33E35700ACD817 /* RegisterView.swift in Sources */,
				54832D5F2A33E54900ACD817 /* ProfileViewViewModel.swift in Sources */,
				54832D4D2A33E2D700ACD817 /* ProfileView.swift in Sources */,
				54832D592A33E4C900ACD817 /* User.swift in Sources */,
				54832D692A33E5A800ACD817 /* ToDoListItemViewModel.swift in Sources */,
				54832D6B2A36207600ACD817 /* HeaderView.swift in Sources */,
				54832D572A33E3C000ACD817 /* ToDoListItemView.swift in Sources */,
				54832D612A33E55600ACD817 /* ToDoListViewViewModel.swift in Sources */,
				54832D652A33E57C00ACD817 /* LoginViewViewModel.swift in Sources */,
				54832D312A33C5AE00ACD817 /* ToDoListApp.swift in Sources */,
				54832D5B2A33E4D300ACD817 /* ToDoListItem.swift in Sources */,
				54832D512A33E32400ACD817 /* NewItemView.swift in Sources */,
				54832D632A33E57100ACD817 /* NewItemViewViewModel.swift in Sources */,
			);
			runOnlyForDeploymentPostprocessing = 0;
		};
/* End PBXSourcesBuildPhase section */

/* Begin XCBuildConfiguration section */
		54832D392A33C5AF00ACD817 /* Debug */ = {
			isa = XCBuildConfiguration;
			buildSettings = {
				ALWAYS_SEARCH_USER_PATHS = NO;
				CLANG_ANALYZER_NONNULL = YES;
				CLANG_ANALYZER_NUMBER_OBJECT_CONVERSION = YES_AGGRESSIVE;
				CLANG_CXX_LANGUAGE_STANDARD = "gnu++20";
				CLANG_ENABLE_MODULES = YES;
				CLANG_ENABLE_OBJC_ARC = YES;
				CLANG_ENABLE_OBJC_WEAK = YES;
				CLANG_WARN_BLOCK_CAPTURE_AUTORELEASING = YES;
				CLANG_WARN_BOOL_CONVERSION = YES;
				CLANG_WARN_COMMA = YES;
				CLANG_WARN_CONSTANT_CONVERSION = YES;
				CLANG_WARN_DEPRECATED_OBJC_IMPLEMENTATIONS = YES;
				CLANG_WARN_DIRECT_OBJC_ISA_USAGE = YES_ERROR;
				CLANG_WARN_DOCUMENTATION_COMMENTS = YES;
				CLANG_WARN_EMPTY_BODY = YES;
				CLANG_WARN_ENUM_CONVERSION = YES;
				CLANG_WARN_INFINITE_RECURSION = YES;
				CLANG_WARN_INT_CONVERSION = YES;
				CLANG_WARN_NON_LITERAL_NULL_CONVERSION = YES;
				CLANG_WARN_OBJC_IMPLICIT_RETAIN_SELF = YES;
				CLANG_WARN_OBJC_LITERAL_CONVERSION = YES;
				CLANG_WARN_OBJC_ROOT_CLASS = YES_ERROR;
				CLANG_WARN_QUOTED_INCLUDE_IN_FRAMEWORK_HEADER = YES;
				CLANG_WARN_RANGE_LOOP_ANALYSIS = YES;
				CLANG_WARN_STRICT_PROTOTYPES = YES;
				CLANG_WARN_SUSPICIOUS_MOVE = YES;
				CLANG_WARN_UNGUARDED_AVAILABILITY = YES_AGGRESSIVE;
				CLANG_WARN_UNREACHABLE_CODE = YES;
				CLANG_WARN__DUPLICATE_METHOD_MATCH = YES;
				COPY_PHASE_STRIP = NO;
				DEBUG_INFORMATION_FORMAT = dwarf;
				ENABLE_STRICT_OBJC_MSGSEND = YES;
				ENABLE_TESTABILITY = YES;
				GCC_C_LANGUAGE_STANDARD = gnu11;
				GCC_DYNAMIC_NO_PIC = NO;
				GCC_NO_COMMON_BLOCKS = YES;
				GCC_OPTIMIZATION_LEVEL = 0;
				GCC_PREPROCESSOR_DEFINITIONS = (
					"DEBUG=1",
					"$(inherited)",
				);
				GCC_WARN_64_TO_32_BIT_CONVERSION = YES;
				GCC_WARN_ABOUT_RETURN_TYPE = YES_ERROR;
				GCC_WARN_UNDECLARED_SELECTOR = YES;
				GCC_WARN_UNINITIALIZED_AUTOS = YES_AGGRESSIVE;
				GCC_WARN_UNUSED_FUNCTION = YES;
				GCC_WARN_UNUSED_VARIABLE = YES;
				IPHONEOS_DEPLOYMENT_TARGET = 16.4;
				MTL_ENABLE_DEBUG_INFO = INCLUDE_SOURCE;
				MTL_FAST_MATH = YES;
				ONLY_ACTIVE_ARCH = YES;
				SDKROOT = iphoneos;
				SWIFT_ACTIVE_COMPILATION_CONDITIONS = DEBUG;
				SWIFT_OPTIMIZATION_LEVEL = "-Onone";
			};
			name = Debug;
		};
		54832D3A2A33C5AF00ACD817 /* Release */ = {
			isa = XCBuildConfiguration;
			buildSettings = {
				ALWAYS_SEARCH_USER_PATHS = NO;
				CLANG_ANALYZER_NONNULL = YES;
				CLANG_ANALYZER_NUMBER_OBJECT_CONVERSION = YES_AGGRESSIVE;
				CLANG_CXX_LANGUAGE_STANDARD = "gnu++20";
				CLANG_ENABLE_MODULES = YES;
				CLANG_ENABLE_OBJC_ARC = YES;
				CLANG_ENABLE_OBJC_WEAK = YES;
				CLANG_WARN_BLOCK_CAPTURE_AUTORELEASING = YES;
				CLANG_WARN_BOOL_CONVERSION = YES;
				CLANG_WARN_COMMA = YES;
				CLANG_WARN_CONSTANT_CONVERSION = YES;
				CLANG_WARN_DEPRECATED_OBJC_IMPLEMENTATIONS = YES;
				CLANG_WARN_DIRECT_OBJC_ISA_USAGE = YES_ERROR;
				CLANG_WARN_DOCUMENTATION_COMMENTS = YES;
				CLANG_WARN_EMPTY_BODY = YES;
				CLANG_WARN_ENUM_CONVERSION = YES;
				CLANG_WARN_INFINITE_RECURSION = YES;
				CLANG_WARN_INT_CONVERSION = YES;
				CLANG_WARN_NON_LITERAL_NULL_CONVERSION = YES;
				CLANG_WARN_OBJC_IMPLICIT_RETAIN_SELF = YES;
				CLANG_WARN_OBJC_LITERAL_CONVERSION = YES;
				CLANG_WARN_OBJC_ROOT_CLASS = YES_ERROR;
				CLANG_WARN_QUOTED_INCLUDE_IN_FRAMEWORK_HEADER = YES;
				CLANG_WARN_RANGE_LOOP_ANALYSIS = YES;
				CLANG_WARN_STRICT_PROTOTYPES = YES;
				CLANG_WARN_SUSPICIOUS_MOVE = YES;
				CLANG_WARN_UNGUARDED_AVAILABILITY = YES_AGGRESSIVE;
				CLANG_WARN_UNREACHABLE_CODE = YES;
				CLANG_WARN__DUPLICATE_METHOD_MATCH = YES;
				COPY_PHASE_STRIP = NO;
				DEBUG_INFORMATION_FORMAT = "dwarf-with-dsym";
				ENABLE_NS_ASSERTIONS = NO;
				ENABLE_STRICT_OBJC_MSGSEND = YES;
				GCC_C_LANGUAGE_STANDARD = gnu11;
				GCC_NO_COMMON_BLOCKS = YES;
				GCC_WARN_64_TO_32_BIT_CONVERSION = YES;
				GCC_WARN_ABOUT_RETURN_TYPE = YES_ERROR;
				GCC_WARN_UNDECLARED_SELECTOR = YES;
				GCC_WARN_UNINITIALIZED_AUTOS = YES_AGGRESSIVE;
				GCC_WARN_UNUSED_FUNCTION = YES;
				GCC_WARN_UNUSED_VARIABLE = YES;
				IPHONEOS_DEPLOYMENT_TARGET = 16.4;
				MTL_ENABLE_DEBUG_INFO = NO;
				MTL_FAST_MATH = YES;
				SDKROOT = iphoneos;
				SWIFT_COMPILATION_MODE = wholemodule;
				SWIFT_OPTIMIZATION_LEVEL = "-O";
				VALIDATE_PRODUCT = YES;
			};
			name = Release;
		};
		54832D3C2A33C5AF00ACD817 /* Debug */ = {
			isa = XCBuildConfiguration;
			buildSettings = {
				ASSETCATALOG_COMPILER_APPICON_NAME = AppIcon;
				ASSETCATALOG_COMPILER_GLOBAL_ACCENT_COLOR_NAME = AccentColor;
				CODE_SIGN_STYLE = Automatic;
				CURRENT_PROJECT_VERSION = 1;
				DEVELOPMENT_ASSET_PATHS = "\"ToDoList/Preview Content\"";
				DEVELOPMENT_TEAM = XZ3J8AK3M9;
				ENABLE_PREVIEWS = YES;
				GENERATE_INFOPLIST_FILE = YES;
				INFOPLIST_KEY_CFBundleDisplayName = "To Do List";
				INFOPLIST_KEY_UIApplicationSceneManifest_Generation = YES;
				INFOPLIST_KEY_UIApplicationSupportsIndirectInputEvents = YES;
				INFOPLIST_KEY_UILaunchScreen_Generation = YES;
				INFOPLIST_KEY_UISupportedInterfaceOrientations = UIInterfaceOrientationPortrait;
				LD_RUNPATH_SEARCH_PATHS = (
					"$(inherited)",
					"@executable_path/Frameworks",
				);
				MARKETING_VERSION = 1.0;
				PRODUCT_BUNDLE_IDENTIFIER = jmm.ToDoList;
				PRODUCT_NAME = "$(TARGET_NAME)";
				SWIFT_EMIT_LOC_STRINGS = YES;
				SWIFT_VERSION = 5.0;
				TARGETED_DEVICE_FAMILY = "1,2";
			};
			name = Debug;
		};
		54832D3D2A33C5AF00ACD817 /* Release */ = {
			isa = XCBuildConfiguration;
			buildSettings = {
				ASSETCATALOG_COMPILER_APPICON_NAME = AppIcon;
				ASSETCATALOG_COMPILER_GLOBAL_ACCENT_COLOR_NAME = AccentColor;
				CODE_SIGN_STYLE = Automatic;
				CURRENT_PROJECT_VERSION = 1;
				DEVELOPMENT_ASSET_PATHS = "\"ToDoList/Preview Content\"";
				DEVELOPMENT_TEAM = XZ3J8AK3M9;
				ENABLE_PREVIEWS = YES;
				GENERATE_INFOPLIST_FILE = YES;
				INFOPLIST_KEY_CFBundleDisplayName = "To Do List";
				INFOPLIST_KEY_UIApplicationSceneManifest_Generation = YES;
				INFOPLIST_KEY_UIApplicationSupportsIndirectInputEvents = YES;
				INFOPLIST_KEY_UILaunchScreen_Generation = YES;
				INFOPLIST_KEY_UISupportedInterfaceOrientations = UIInterfaceOrientationPortrait;
				LD_RUNPATH_SEARCH_PATHS = (
					"$(inherited)",
					"@executable_path/Frameworks",
				);
				MARKETING_VERSION = 1.0;
				PRODUCT_BUNDLE_IDENTIFIER = jmm.ToDoList;
				PRODUCT_NAME = "$(TARGET_NAME)";
				SWIFT_EMIT_LOC_STRINGS = YES;
				SWIFT_VERSION = 5.0;
				TARGETED_DEVICE_FAMILY = "1,2";
			};
			name = Release;
		};
/* End XCBuildConfiguration section */

/* Begin XCConfigurationList section */
		54832D282A33C5AE00ACD817 /* Build configuration list for PBXProject "ToDoList" */ = {
			isa = XCConfigurationList;
			buildConfigurations = (
				54832D392A33C5AF00ACD817 /* Debug */,
				54832D3A2A33C5AF00ACD817 /* Release */,
			);
			defaultConfigurationIsVisible = 0;
			defaultConfigurationName = Release;
		};
		54832D3B2A33C5AF00ACD817 /* Build configuration list for PBXNativeTarget "ToDoList" */ = {
			isa = XCConfigurationList;
			buildConfigurations = (
				54832D3C2A33C5AF00ACD817 /* Debug */,
				54832D3D2A33C5AF00ACD817 /* Release */,
			);
			defaultConfigurationIsVisible = 0;
			defaultConfigurationName = Release;
		};
/* End XCConfigurationList section */

/* Begin XCRemoteSwiftPackageReference section */
		54832D3E2A33D90C00ACD817 /* XCRemoteSwiftPackageReference "firebase-ios-sdk" */ = {
			isa = XCRemoteSwiftPackageReference;
			repositoryURL = "https://github.com/firebase/firebase-ios-sdk";
			requirement = {
				kind = upToNextMajorVersion;
				minimumVersion = 10.0.0;
			};
		};
/* End XCRemoteSwiftPackageReference section */

/* Begin XCSwiftPackageProductDependency section */
		54832D3F2A33D90C00ACD817 /* FirebaseAuth */ = {
			isa = XCSwiftPackageProductDependency;
			package = 54832D3E2A33D90C00ACD817 /* XCRemoteSwiftPackageReference "firebase-ios-sdk" */;
			productName = FirebaseAuth;
		};
		54832D412A33D90C00ACD817 /* FirebaseFirestore */ = {
			isa = XCSwiftPackageProductDependency;
			package = 54832D3E2A33D90C00ACD817 /* XCRemoteSwiftPackageReference "firebase-ios-sdk" */;
			productName = FirebaseFirestore;
		};
		54832D432A33D90C00ACD817 /* FirebaseFirestoreSwift */ = {
			isa = XCSwiftPackageProductDependency;
			package = 54832D3E2A33D90C00ACD817 /* XCRemoteSwiftPackageReference "firebase-ios-sdk" */;
			productName = FirebaseFirestoreSwift;
		};
/* End XCSwiftPackageProductDependency section */
	};
	rootObject = 54832D252A33C5AE00ACD817 /* Project object */;
}
